
Microsoft Visual Studio Solution File, Format Version 12.00
# Visual Studio Version 17
VisualStudioVersion = 17.4.33205.214
MinimumVisualStudioVersion = 10.0.40219.1
Project("{FAE04EC0-301F-11D3-BF4B-00C04F79EFBC}") = "MvcMovie", "MvcMovie\MvcMovie.csproj", "{F340793A-FE95-491A-93ED-5DB0136294C2}"
EndProject
Global
	GlobalSection(SolutionConfigurationPlatforms) = preSolution
		Debug|Any CPU = Debug|Any CPU
		Release|Any CPU = Release|Any CPU
	EndGlobalSection
	GlobalSection(ProjectConfigurationPlatforms) = postSolution
		{F340793A-FE95-491A-93ED-5DB0136294C2}.Debug|Any CPU.ActiveCfg = Debug|Any CPU
		{F340793A-FE95-491A-93ED-5DB0136294C2}.Debug|Any CPU.Build.0 = Debug|Any CPU
		{F340793A-FE95-491A-93ED-5DB0136294C2}.Release|Any CPU.ActiveCfg = Release|Any CPU
		{F340793A-FE95-491A-93ED-5DB0136294C2}.Release|Any CPU.Build.0 = Release|Any CPU
	EndGlobalSection
	GlobalSection(SolutionProperties) = preSolution
		HideSolutionNode = FALSE
	EndGlobalSection
	GlobalSection(ExtensibilityGlobals) = postSolution
		SolutionGuid = {0FA26742-2F4C-4E4D-95AC-2D75E0690F3E}
	EndGlobalSection
EndGlobal
